
Microsoft Visual Studio Solution File, Format Version 12.00
# Visual Studio Version 17
VisualStudioVersion = 17.9.34407.89
MinimumVisualStudioVersion = 10.0.40219.1
Project("{FAE04EC0-301F-11D3-BF4B-00C04F79EFBC}") = "OrderApi", "OrderApi\OrderApi.csproj", "{0BD01A39-F757-45CE-A958-EAFA3E5B9EB8}"
EndProject
Global
	GlobalSection(SolutionConfigurationPlatforms) = preSolution
		Debug|Any CPU = Debug|Any CPU
		Release|Any CPU = Release|Any CPU
	EndGlobalSection
	GlobalSection(ProjectConfigurationPlatforms) = postSolution
		{0BD01A39-F757-45CE-A958-EAFA3E5B9EB8}.Debug|Any CPU.ActiveCfg = Debug|Any CPU
		{0BD01A39-F757-45CE-A958-EAFA3E5B9EB8}.Debug|Any CPU.Build.0 = Debug|Any CPU
		{0BD01A39-F757-45CE-A958-EAFA3E5B9EB8}.Release|Any CPU.ActiveCfg = Release|Any CPU
		{0BD01A39-F757-45CE-A958-EAFA3E5B9EB8}.Release|Any CPU.Build.0 = Release|Any CPU
	EndGlobalSection
	GlobalSection(SolutionProperties) = preSolution
		HideSolutionNode = FALSE
	EndGlobalSection
	GlobalSection(ExtensibilityGlobals) = postSolution
		SolutionGuid = {A30C52B2-16BD-431D-B772-1A29CE7E6A85}
	EndGlobalSection
EndGlobal
